// !$*UTF8*$!
{
	archiveVersion = 1;
	classes = {
	};
	objectVersion = 46;
	objects = {

/* Begin PBXBuildFile section */
		5718D74F1CCDB39200A98BFE /* quote.swift in Sources */ = {isa = PBXBuildFile; fileRef = 5718D74E1CCDB39200A98BFE /* quote.swift */; };
		5796D10B1CCD67DC00286191 /* main.swift in Sources */ = {isa = PBXBuildFile; fileRef = 5796D10A1CCD67DC00286191 /* main.swift */; };
		5796D1131CCD694500286191 /* expression.swift in Sources */ = {isa = PBXBuildFile; fileRef = 5796D1121CCD694500286191 /* expression.swift */; };
		5796D1151CCD69AF00286191 /* number.swift in Sources */ = {isa = PBXBuildFile; fileRef = 5796D1141CCD69AF00286191 /* number.swift */; };
		5796D1171CCD6A5E00286191 /* add.swift in Sources */ = {isa = PBXBuildFile; fileRef = 5796D1161CCD6A5E00286191 /* add.swift */; };
		5796D1191CCD6C5400286191 /* subtract.swift in Sources */ = {isa = PBXBuildFile; fileRef = 5796D1181CCD6C5400286191 /* subtract.swift */; };
		5796D11B1CCD6CB600286191 /* multiply.swift in Sources */ = {isa = PBXBuildFile; fileRef = 5796D11A1CCD6CB600286191 /* multiply.swift */; };
		5796D11D1CCD6CD100286191 /* divide.swift in Sources */ = {isa = PBXBuildFile; fileRef = 5796D11C1CCD6CD100286191 /* divide.swift */; };
		5796D11F1CCD6E1300286191 /* variable.swift in Sources */ = {isa = PBXBuildFile; fileRef = 5796D11E1CCD6E1300286191 /* variable.swift */; };
		5796D1211CCD6F0500286191 /* evaluator.swift in Sources */ = {isa = PBXBuildFile; fileRef = 5796D1201CCD6F0500286191 /* evaluator.swift */; };
		5796D1231CCD705600286191 /* stack.swift in Sources */ = {isa = PBXBuildFile; fileRef = 5796D1221CCD705600286191 /* stack.swift */; };
		5796D1251CCD753100286191 /* extensions.swift in Sources */ = {isa = PBXBuildFile; fileRef = 5796D1241CCD753100286191 /* extensions.swift */; };
/* End PBXBuildFile section */

/* Begin PBXCopyFilesBuildPhase section */
		5796D1051CCD67DC00286191 /* CopyFiles */ = {
			isa = PBXCopyFilesBuildPhase;
			buildActionMask = 2147483647;
			dstPath = /usr/share/man/man1/;
			dstSubfolderSpec = 0;
			files = (
			);
			runOnlyForDeploymentPostprocessing = 1;
		};
/* End PBXCopyFilesBuildPhase section */

/* Begin PBXFileReference section */
		5718D74E1CCDB39200A98BFE /* quote.swift */ = {isa = PBXFileReference; fileEncoding = 4; lastKnownFileType = sourcecode.swift; path = quote.swift; sourceTree = "<group>"; };
		5796D1071CCD67DC00286191 /* Mechanic - Interpreter */ = {isa = PBXFileReference; explicitFileType = "compiled.mach-o.executable"; includeInIndex = 0; path = "Mechanic - Interpreter"; sourceTree = BUILT_PRODUCTS_DIR; };
		5796D10A1CCD67DC00286191 /* main.swift */ = {isa = PBXFileReference; lastKnownFileType = sourcecode.swift; path = main.swift; sourceTree = "<group>"; };
		5796D1121CCD694500286191 /* expression.swift */ = {isa = PBXFileReference; fileEncoding = 4; lastKnownFileType = sourcecode.swift; path = expression.swift; sourceTree = "<group>"; };
		5796D1141CCD69AF00286191 /* number.swift */ = {isa = PBXFileReference; fileEncoding = 4; lastKnownFileType = sourcecode.swift; path = number.swift; sourceTree = "<group>"; };
		5796D1161CCD6A5E00286191 /* add.swift */ = {isa = PBXFileReference; fileEncoding = 4; lastKnownFileType = sourcecode.swift; path = add.swift; sourceTree = "<group>"; };
		5796D1181CCD6C5400286191 /* subtract.swift */ = {isa = PBXFileReference; fileEncoding = 4; lastKnownFileType = sourcecode.swift; path = subtract.swift; sourceTree = "<group>"; };
		5796D11A1CCD6CB600286191 /* multiply.swift */ = {isa = PBXFileReference; fileEncoding = 4; lastKnownFileType = sourcecode.swift; path = multiply.swift; sourceTree = "<group>"; };
		5796D11C1CCD6CD100286191 /* divide.swift */ = {isa = PBXFileReference; fileEncoding = 4; lastKnownFileType = sourcecode.swift; path = divide.swift; sourceTree = "<group>"; };
		5796D11E1CCD6E1300286191 /* variable.swift */ = {isa = PBXFileReference; fileEncoding = 4; lastKnownFileType = sourcecode.swift; path = variable.swift; sourceTree = "<group>"; };
		5796D1201CCD6F0500286191 /* evaluator.swift */ = {isa = PBXFileReference; fileEncoding = 4; lastKnownFileType = sourcecode.swift; path = evaluator.swift; sourceTree = "<group>"; };
		5796D1221CCD705600286191 /* stack.swift */ = {isa = PBXFileReference; fileEncoding = 4; lastKnownFileType = sourcecode.swift; path = stack.swift; sourceTree = "<group>"; };
		5796D1241CCD753100286191 /* extensions.swift */ = {isa = PBXFileReference; fileEncoding = 4; lastKnownFileType = sourcecode.swift; path = extensions.swift; sourceTree = "<group>"; };
/* End PBXFileReference section */

/* Begin PBXFrameworksBuildPhase section */
		5796D1041CCD67DC00286191 /* Frameworks */ = {
			isa = PBXFrameworksBuildPhase;
			buildActionMask = 2147483647;
			files = (
			);
			runOnlyForDeploymentPostprocessing = 0;
		};
/* End PBXFrameworksBuildPhase section */

/* Begin PBXGroup section */
		5718D74C1CCDB2FC00A98BFE /* Expressions */ = {
			isa = PBXGroup;
			children = (
				5796D1201CCD6F0500286191 /* evaluator.swift */,
				5796D1121CCD694500286191 /* expression.swift */,
				5796D1141CCD69AF00286191 /* number.swift */,
				5796D1161CCD6A5E00286191 /* add.swift */,
				5796D1181CCD6C5400286191 /* subtract.swift */,
				5796D11A1CCD6CB600286191 /* multiply.swift */,
				5796D11C1CCD6CD100286191 /* divide.swift */,
				5796D11E1CCD6E1300286191 /* variable.swift */,
			);
			name = Expressions;
			sourceTree = "<group>";
		};
		5718D74D1CCDB31800A98BFE /* Utility */ = {
			isa = PBXGroup;
			children = (
				5796D1221CCD705600286191 /* stack.swift */,
				5796D1241CCD753100286191 /* extensions.swift */,
			);
			name = Utility;
			sourceTree = "<group>";
		};
		5796D0FE1CCD67DC00286191 = {
			isa = PBXGroup;
			children = (
				5796D1091CCD67DC00286191 /* Mechanic - Interpreter */,
				5796D1081CCD67DC00286191 /* Products */,
			);
			sourceTree = "<group>";
		};
		5796D1081CCD67DC00286191 /* Products */ = {
			isa = PBXGroup;
			children = (
				5796D1071CCD67DC00286191 /* Mechanic - Interpreter */,
			);
			name = Products;
			sourceTree = "<group>";
		};
		5796D1091CCD67DC00286191 /* Mechanic - Interpreter */ = {
			isa = PBXGroup;
			children = (
				5718D74D1CCDB31800A98BFE /* Utility */,
				5718D74C1CCDB2FC00A98BFE /* Expressions */,
				5796D10A1CCD67DC00286191 /* main.swift */,
				5718D74E1CCDB39200A98BFE /* quote.swift */,
			);
			path = "Mechanic - Interpreter";
			sourceTree = "<group>";
		};
/* End PBXGroup section */

/* Begin PBXNativeTarget section */
		5796D1061CCD67DC00286191 /* Mechanic - Interpreter */ = {
			isa = PBXNativeTarget;
			buildConfigurationList = 5796D10E1CCD67DD00286191 /* Build configuration list for PBXNativeTarget "Mechanic - Interpreter" */;
			buildPhases = (
				5796D1031CCD67DC00286191 /* Sources */,
				5796D1041CCD67DC00286191 /* Frameworks */,
				5796D1051CCD67DC00286191 /* CopyFiles */,
				5796D1111CCD683F00286191 /* ShellScript */,
			);
			buildRules = (
			);
			dependencies = (
			);
			name = "Mechanic - Interpreter";
			productName = "Mechanic - Interpreter";
			productReference = 5796D1071CCD67DC00286191 /* Mechanic - Interpreter */;
			productType = "com.apple.product-type.tool";
		};
/* End PBXNativeTarget section */

/* Begin PBXProject section */
		5796D0FF1CCD67DC00286191 /* Project object */ = {
			isa = PBXProject;
			attributes = {
				LastSwiftUpdateCheck = 0720;
				LastUpgradeCheck = 0720;
				ORGANIZATIONNAME = "Reza Shirazian";
				TargetAttributes = {
					5796D1061CCD67DC00286191 = {
						CreatedOnToolsVersion = 7.2.1;
					};
				};
			};
			buildConfigurationList = 5796D1021CCD67DC00286191 /* Build configuration list for PBXProject "Mechanic - Interpreter" */;
			compatibilityVersion = "Xcode 3.2";
			developmentRegion = English;
			hasScannedForEncodings = 0;
			knownRegions = (
				en,
			);
			mainGroup = 5796D0FE1CCD67DC00286191;
			productRefGroup = 5796D1081CCD67DC00286191 /* Products */;
			projectDirPath = "";
			projectRoot = "";
			targets = (
				5796D1061CCD67DC00286191 /* Mechanic - Interpreter */,
			);
		};
/* End PBXProject section */

/* Begin PBXShellScriptBuildPhase section */
		5796D1111CCD683F00286191 /* ShellScript */ = {
			isa = PBXShellScriptBuildPhase;
			buildActionMask = 2147483647;
			files = (
			);
			inputPaths = (
			);
			outputPaths = (
			);
			runOnlyForDeploymentPostprocessing = 0;
			shellPath = /bin/sh;
			shellScript = "if which swiftlint >/dev/null; then\nswiftlint\nelse\necho \"warning: SwiftLint not installed, download from https://github.com/realm/SwiftLint\"\nfi";
		};
/* End PBXShellScriptBuildPhase section */

/* Begin PBXSourcesBuildPhase section */
		5796D1031CCD67DC00286191 /* Sources */ = {
			isa = PBXSourcesBuildPhase;
			buildActionMask = 2147483647;
			files = (
				5796D1231CCD705600286191 /* stack.swift in Sources */,
				5796D1151CCD69AF00286191 /* number.swift in Sources */,
				5796D1171CCD6A5E00286191 /* add.swift in Sources */,
				5796D1251CCD753100286191 /* extensions.swift in Sources */,
				5796D1211CCD6F0500286191 /* evaluator.swift in Sources */,
				5796D10B1CCD67DC00286191 /* main.swift in Sources */,
				5796D1191CCD6C5400286191 /* subtract.swift in Sources */,
				5796D1131CCD694500286191 /* expression.swift in Sources */,
				5718D74F1CCDB39200A98BFE /* quote.swift in Sources */,
				5796D11B1CCD6CB600286191 /* multiply.swift in Sources */,
				5796D11D1CCD6CD100286191 /* divide.swift in Sources */,
				5796D11F1CCD6E1300286191 /* variable.swift in Sources */,
			);
			runOnlyForDeploymentPostprocessing = 0;
		};
/* End PBXSourcesBuildPhase section */

/* Begin XCBuildConfiguration section */
		5796D10C1CCD67DD00286191 /* Debug */ = {
			isa = XCBuildConfiguration;
			buildSettings = {
				ALWAYS_SEARCH_USER_PATHS = NO;
				CLANG_CXX_LANGUAGE_STANDARD = "gnu++0x";
				CLANG_CXX_LIBRARY = "libc++";
				CLANG_ENABLE_MODULES = YES;
				CLANG_ENABLE_OBJC_ARC = YES;
				CLANG_WARN_BOOL_CONVERSION = YES;
				CLANG_WARN_CONSTANT_CONVERSION = YES;
				CLANG_WARN_DIRECT_OBJC_ISA_USAGE = YES_ERROR;
				CLANG_WARN_EMPTY_BODY = YES;
				CLANG_WARN_ENUM_CONVERSION = YES;
				CLANG_WARN_INT_CONVERSION = YES;
				CLANG_WARN_OBJC_ROOT_CLASS = YES_ERROR;
				CLANG_WARN_UNREACHABLE_CODE = YES;
				CLANG_WARN__DUPLICATE_METHOD_MATCH = YES;
				CODE_SIGN_IDENTITY = "-";
				COPY_PHASE_STRIP = NO;
				DEBUG_INFORMATION_FORMAT = dwarf;
				ENABLE_STRICT_OBJC_MSGSEND = YES;
				ENABLE_TESTABILITY = YES;
				GCC_C_LANGUAGE_STANDARD = gnu99;
				GCC_DYNAMIC_NO_PIC = NO;
				GCC_NO_COMMON_BLOCKS = YES;
				GCC_OPTIMIZATION_LEVEL = 0;
				GCC_PREPROCESSOR_DEFINITIONS = (
					"DEBUG=1",
					"$(inherited)",
				);
				GCC_WARN_64_TO_32_BIT_CONVERSION = YES;
				GCC_WARN_ABOUT_RETURN_TYPE = YES_ERROR;
				GCC_WARN_UNDECLARED_SELECTOR = YES;
				GCC_WARN_UNINITIALIZED_AUTOS = YES_AGGRESSIVE;
				GCC_WARN_UNUSED_FUNCTION = YES;
				GCC_WARN_UNUSED_VARIABLE = YES;
				MACOSX_DEPLOYMENT_TARGET = 10.10;
				MTL_ENABLE_DEBUG_INFO = YES;
				ONLY_ACTIVE_ARCH = YES;
				SDKROOT = macosx;
				SWIFT_OPTIMIZATION_LEVEL = "-Onone";
			};
			name = Debug;
		};
		5796D10D1CCD67DD00286191 /* Release */ = {
			isa = XCBuildConfiguration;
			buildSettings = {
				ALWAYS_SEARCH_USER_PATHS = NO;
				CLANG_CXX_LANGUAGE_STANDARD = "gnu++0x";
				CLANG_CXX_LIBRARY = "libc++";
				CLANG_ENABLE_MODULES = YES;
				CLANG_ENABLE_OBJC_ARC = YES;
				CLANG_WARN_BOOL_CONVERSION = YES;
				CLANG_WARN_CONSTANT_CONVERSION = YES;
				CLANG_WARN_DIRECT_OBJC_ISA_USAGE = YES_ERROR;
				CLANG_WARN_EMPTY_BODY = YES;
				CLANG_WARN_ENUM_CONVERSION = YES;
				CLANG_WARN_INT_CONVERSION = YES;
				CLANG_WARN_OBJC_ROOT_CLASS = YES_ERROR;
				CLANG_WARN_UNREACHABLE_CODE = YES;
				CLANG_WARN__DUPLICATE_METHOD_MATCH = YES;
				CODE_SIGN_IDENTITY = "-";
				COPY_PHASE_STRIP = NO;
				DEBUG_INFORMATION_FORMAT = "dwarf-with-dsym";
				ENABLE_NS_ASSERTIONS = NO;
				ENABLE_STRICT_OBJC_MSGSEND = YES;
				GCC_C_LANGUAGE_STANDARD = gnu99;
				GCC_NO_COMMON_BLOCKS = YES;
				GCC_WARN_64_TO_32_BIT_CONVERSION = YES;
				GCC_WARN_ABOUT_RETURN_TYPE = YES_ERROR;
				GCC_WARN_UNDECLARED_SELECTOR = YES;
				GCC_WARN_UNINITIALIZED_AUTOS = YES_AGGRESSIVE;
				GCC_WARN_UNUSED_FUNCTION = YES;
				GCC_WARN_UNUSED_VARIABLE = YES;
				MACOSX_DEPLOYMENT_TARGET = 10.10;
				MTL_ENABLE_DEBUG_INFO = NO;
				SDKROOT = macosx;
			};
			name = Release;
		};
		5796D10F1CCD67DD00286191 /* Debug */ = {
			isa = XCBuildConfiguration;
			buildSettings = {
				PRODUCT_NAME = "$(TARGET_NAME)";
			};
			name = Debug;
		};
		5796D1101CCD67DD00286191 /* Release */ = {
			isa = XCBuildConfiguration;
			buildSettings = {
				PRODUCT_NAME = "$(TARGET_NAME)";
			};
			name = Release;
		};
/* End XCBuildConfiguration section */

/* Begin XCConfigurationList section */
		5796D1021CCD67DC00286191 /* Build configuration list for PBXProject "Mechanic - Interpreter" */ = {
			isa = XCConfigurationList;
			buildConfigurations = (
				5796D10C1CCD67DD00286191 /* Debug */,
				5796D10D1CCD67DD00286191 /* Release */,
			);
			defaultConfigurationIsVisible = 0;
			defaultConfigurationName = Release;
		};
		5796D10E1CCD67DD00286191 /* Build configuration list for PBXNativeTarget "Mechanic - Interpreter" */ = {
			isa = XCConfigurationList;
			buildConfigurations = (
				5796D10F1CCD67DD00286191 /* Debug */,
				5796D1101CCD67DD00286191 /* Release */,
			);
			defaultConfigurationIsVisible = 0;
			defaultConfigurationName = Release;
		};
/* End XCConfigurationList section */
	};
	rootObject = 5796D0FF1CCD67DC00286191 /* Project object */;
}
